
Microsoft Visual Studio Solution File, Format Version 12.00
# Visual Studio Version 17
VisualStudioVersion = 17.5.33502.453
MinimumVisualStudioVersion = 10.0.40219.1
Project("{FAE04EC0-301F-11D3-BF4B-00C04F79EFBC}") = "Devel", "Devel\Devel.csproj", "{A6DF9BEB-6AF9-4264-8383-E09D3436D168}"
EndProject
Global
	GlobalSection(SolutionConfigurationPlatforms) = preSolution
		Debug|Any CPU = Debug|Any CPU
		Release|Any CPU = Release|Any CPU
	EndGlobalSection
	GlobalSection(ProjectConfigurationPlatforms) = postSolution
		{A6DF9BEB-6AF9-4264-8383-E09D3436D168}.Debug|Any CPU.ActiveCfg = Debug|Any CPU
		{A6DF9BEB-6AF9-4264-8383-E09D3436D168}.Debug|Any CPU.Build.0 = Debug|Any CPU
		{A6DF9BEB-6AF9-4264-8383-E09D3436D168}.Release|Any CPU.ActiveCfg = Release|Any CPU
		{A6DF9BEB-6AF9-4264-8383-E09D3436D168}.Release|Any CPU.Build.0 = Release|Any CPU
	EndGlobalSection
	GlobalSection(SolutionProperties) = preSolution
		HideSolutionNode = FALSE
	EndGlobalSection
	GlobalSection(ExtensibilityGlobals) = postSolution
		SolutionGuid = {7DC87459-A4B0-40BE-9D73-1D40842B1F5B}
	EndGlobalSection
EndGlobal
